
Microsoft Visual Studio Solution File, Format Version 12.00
# Visual Studio Version 17
VisualStudioVersion = 17.3.32825.248
MinimumVisualStudioVersion = 10.0.40219.1
Project("{FAE04EC0-301F-11D3-BF4B-00C04F79EFBC}") = "Project_2210708", "Project_2210708\Project_2210708.csproj", "{96A3589F-4D5C-4827-BFC0-9BD859269EDA}"
EndProject
Global
	GlobalSection(SolutionConfigurationPlatforms) = preSolution
		Debug|Any CPU = Debug|Any CPU
		Release|Any CPU = Release|Any CPU
	EndGlobalSection
	GlobalSection(ProjectConfigurationPlatforms) = postSolution
		{96A3589F-4D5C-4827-BFC0-9BD859269EDA}.Debug|Any CPU.ActiveCfg = Debug|Any CPU
		{96A3589F-4D5C-4827-BFC0-9BD859269EDA}.Debug|Any CPU.Build.0 = Debug|Any CPU
		{96A3589F-4D5C-4827-BFC0-9BD859269EDA}.Release|Any CPU.ActiveCfg = Release|Any CPU
		{96A3589F-4D5C-4827-BFC0-9BD859269EDA}.Release|Any CPU.Build.0 = Release|Any CPU
	EndGlobalSection
	GlobalSection(SolutionProperties) = preSolution
		HideSolutionNode = FALSE
	EndGlobalSection
	GlobalSection(ExtensibilityGlobals) = postSolution
		SolutionGuid = {5E353067-2F73-413A-999C-1D9D750736BA}
	EndGlobalSection
EndGlobal
